<?xml version="1.0" encoding="utf-8"?>
<Project ToolsVersion="4.0" xmlns="http://schemas.microsoft.com/developer/msbuild/2003">
  <ItemGroup>
    <ClCompile Include="Application.cpp">
      <Filter>Other things</Filter>
    </ClCompile>
    <ClCompile Include="Globals.cpp">
      <Filter>Other things</Filter>
    </ClCompile>
    <ClCompile Include="Main.cpp">
      <Filter>Other things</Filter>
    </ClCompile>
    <ClCompile Include="ModuleTextures.cpp">
      <Filter>Modules</Filter>
    </ClCompile>
    <ClCompile Include="ModuleWindow.cpp">
      <Filter>Modules</Filter>
    </ClCompile>
    <ClCompile Include="ModuleRender.cpp">
      <Filter>Modules</Filter>
    </ClCompile>
    <ClCompile Include="ModulePlayer.cpp">
      <Filter>Modules</Filter>
    </ClCompile>
    <ClCompile Include="ModuleParticles.cpp">
      <Filter>Modules</Filter>
    </ClCompile>
    <ClCompile Include="ModuleMap1.cpp">
      <Filter>Modules</Filter>
    </ClCompile>
    <ClCompile Include="ModuleInput.cpp">
      <Filter>Modules</Filter>
    </ClCompile>
    <ClCompile Include="Module_Audio_1.cpp">
      <Filter>Modules</Filter>
    </ClCompile>
    <ClCompile Include="PugiXml\src\pugixml.cpp">
      <Filter>PugiXML</Filter>
    </ClCompile>
  </ItemGroup>
  <ItemGroup>
    <ClInclude Include="Animation.h">
      <Filter>Other things</Filter>
    </ClInclude>
    <ClInclude Include="Application.h">
      <Filter>Other things</Filter>
    </ClInclude>
    <ClInclude Include="Globals.h">
      <Filter>Other things</Filter>
    </ClInclude>
    <ClInclude Include="MemLeaks.h">
      <Filter>Other things</Filter>
    </ClInclude>
    <ClInclude Include="Module.h">
      <Filter>Other things</Filter>
    </ClInclude>
    <ClInclude Include="p2Point.h">
      <Filter>Other things</Filter>
    </ClInclude>
    <ClInclude Include="resource.h">
      <Filter>Other things</Filter>
    </ClInclude>
    <ClInclude Include="ModuleWindow.h">
      <Filter>Modules</Filter>
    </ClInclude>
    <ClInclude Include="ModuleTextures.h">
      <Filter>Modules</Filter>
    </ClInclude>
    <ClInclude Include="ModuleRender.h">
      <Filter>Modules</Filter>
    </ClInclude>
    <ClInclude Include="ModulePlayer.h">
      <Filter>Modules</Filter>
    </ClInclude>
    <ClInclude Include="ModuleParticles.h">
      <Filter>Modules</Filter>
    </ClInclude>
    <ClInclude Include="ModuleMap1.h">
      <Filter>Modules</Filter>
    </ClInclude>
    <ClInclude Include="ModuleInput.h">
      <Filter>Modules</Filter>
    </ClInclude>
    <ClInclude Include="ModuleAudio_1.h">
      <Filter>Modules</Filter>
    </ClInclude>
    <ClInclude Include="PugiXml\src\pugiconfig.hpp">
      <Filter>PugiXML</Filter>
    </ClInclude>
    <ClInclude Include="PugiXml\src\pugixml.hpp">
      <Filter>PugiXML</Filter>
    </ClInclude>
  </ItemGroup>
  <ItemGroup>
    <Filter Include="Modules">
      <UniqueIdentifier>{230fb86d-44ab-4361-8912-146a727c886e}</UniqueIdentifier>
    </Filter>
    <Filter Include="Other things">
      <UniqueIdentifier>{4e63ed46-0e2f-4403-8c63-93342ef30945}</UniqueIdentifier>
    </Filter>
    <Filter Include="PugiXML">
      <UniqueIdentifier>{c4ed505e-7939-400a-baac-e83b4a4ea9b5}</UniqueIdentifier>
    </Filter>
  </ItemGroup>
  <ItemGroup>
    <ResourceCompile Include="SDL3 Handout.rc">
      <Filter>Other things</Filter>
    </ResourceCompile>
  </ItemGroup>
</Project>